
Microsoft Visual Studio Solution File, Format Version 12.00
# Visual Studio Version 17
VisualStudioVersion = 17.0.32126.317
MinimumVisualStudioVersion = 10.0.40219.1
Project("{FAE04EC0-301F-11D3-BF4B-00C04F79EFBC}") = "RabbitMQProducer", "RabbitMQProducer.csproj", "{B6C00F88-DFC9-4F93-9BAE-4BF9B9AE24B1}"
EndProject
Global
	GlobalSection(SolutionConfigurationPlatforms) = preSolution
		Debug|Any CPU = Debug|Any CPU
		Release|Any CPU = Release|Any CPU
	EndGlobalSection
	GlobalSection(ProjectConfigurationPlatforms) = postSolution
		{B6C00F88-DFC9-4F93-9BAE-4BF9B9AE24B1}.Debug|Any CPU.ActiveCfg = Debug|Any CPU
		{B6C00F88-DFC9-4F93-9BAE-4BF9B9AE24B1}.Debug|Any CPU.Build.0 = Debug|Any CPU
		{B6C00F88-DFC9-4F93-9BAE-4BF9B9AE24B1}.Release|Any CPU.ActiveCfg = Release|Any CPU
		{B6C00F88-DFC9-4F93-9BAE-4BF9B9AE24B1}.Release|Any CPU.Build.0 = Release|Any CPU
	EndGlobalSection
	GlobalSection(SolutionProperties) = preSolution
		HideSolutionNode = FALSE
	EndGlobalSection
	GlobalSection(ExtensibilityGlobals) = postSolution
		SolutionGuid = {84A12741-383D-429B-8424-5DD2FBC24FFB}
	EndGlobalSection
EndGlobal
